
Microsoft Visual Studio Solution File, Format Version 12.00
# Visual Studio 2012
Project("{888888A0-9F3D-457C-B088-3A5042F75D52}") = "KaggleExpediaCode", "KaggleExpediaCode\KaggleExpediaCode.pyproj", "{A1053112-E384-4C97-8734-0A1A6632A80A}"
EndProject
Global
	GlobalSection(SolutionConfigurationPlatforms) = preSolution
		Debug|Any CPU = Debug|Any CPU
		Release|Any CPU = Release|Any CPU
	EndGlobalSection
	GlobalSection(ProjectConfigurationPlatforms) = postSolution
		{A1053112-E384-4C97-8734-0A1A6632A80A}.Debug|Any CPU.ActiveCfg = Debug|Any CPU
		{A1053112-E384-4C97-8734-0A1A6632A80A}.Debug|Any CPU.Build.0 = Debug|Any CPU
		{A1053112-E384-4C97-8734-0A1A6632A80A}.Release|Any CPU.ActiveCfg = Release|Any CPU
		{A1053112-E384-4C97-8734-0A1A6632A80A}.Release|Any CPU.Build.0 = Release|Any CPU
	EndGlobalSection
	GlobalSection(SolutionProperties) = preSolution
		HideSolutionNode = FALSE
	EndGlobalSection
EndGlobal
